
Microsoft Visual Studio Solution File, Format Version 12.00
# Visual Studio Version 17
VisualStudioVersion = 17.10.35004.147
MinimumVisualStudioVersion = 10.0.40219.1
Project("{FAE04EC0-301F-11D3-BF4B-00C04F79EFBC}") = "PasswordManagerWinForm", "PasswordManagerWinForm\PasswordManagerWinForm.csproj", "{539B96EB-6ED3-47AB-81B8-449CE13BDEE6}"
EndProject
Project("{FAE04EC0-301F-11D3-BF4B-00C04F79EFBC}") = "PasswordManager.Core", "PasswordManager.Core\PasswordManager.Core.csproj", "{946835FB-6A61-43B3-B601-580B9D4EC538}"
EndProject
Project("{FAE04EC0-301F-11D3-BF4B-00C04F79EFBC}") = "PasswordManager.Application", "PasswordManager.Application\PasswordManager.Application.csproj", "{B693D89A-8A86-4263-B1A6-913B2C97A5F9}"
EndProject
Project("{FAE04EC0-301F-11D3-BF4B-00C04F79EFBC}") = "PasswordManager.Entities", "PasswordManager.Entities\PasswordManager.Entities.csproj", "{B9B83B8B-DF20-423D-8158-6586AB10C960}"
EndProject
Global
	GlobalSection(SolutionConfigurationPlatforms) = preSolution
		Debug|Any CPU = Debug|Any CPU
		Release|Any CPU = Release|Any CPU
	EndGlobalSection
	GlobalSection(ProjectConfigurationPlatforms) = postSolution
		{539B96EB-6ED3-47AB-81B8-449CE13BDEE6}.Debug|Any CPU.ActiveCfg = Debug|Any CPU
		{539B96EB-6ED3-47AB-81B8-449CE13BDEE6}.Debug|Any CPU.Build.0 = Debug|Any CPU
		{539B96EB-6ED3-47AB-81B8-449CE13BDEE6}.Release|Any CPU.ActiveCfg = Release|Any CPU
		{539B96EB-6ED3-47AB-81B8-449CE13BDEE6}.Release|Any CPU.Build.0 = Release|Any CPU
		{946835FB-6A61-43B3-B601-580B9D4EC538}.Debug|Any CPU.ActiveCfg = Debug|Any CPU
		{946835FB-6A61-43B3-B601-580B9D4EC538}.Debug|Any CPU.Build.0 = Debug|Any CPU
		{946835FB-6A61-43B3-B601-580B9D4EC538}.Release|Any CPU.ActiveCfg = Release|Any CPU
		{946835FB-6A61-43B3-B601-580B9D4EC538}.Release|Any CPU.Build.0 = Release|Any CPU
		{B693D89A-8A86-4263-B1A6-913B2C97A5F9}.Debug|Any CPU.ActiveCfg = Debug|Any CPU
		{B693D89A-8A86-4263-B1A6-913B2C97A5F9}.Debug|Any CPU.Build.0 = Debug|Any CPU
		{B693D89A-8A86-4263-B1A6-913B2C97A5F9}.Release|Any CPU.ActiveCfg = Release|Any CPU
		{B693D89A-8A86-4263-B1A6-913B2C97A5F9}.Release|Any CPU.Build.0 = Release|Any CPU
		{B9B83B8B-DF20-423D-8158-6586AB10C960}.Debug|Any CPU.ActiveCfg = Debug|Any CPU
		{B9B83B8B-DF20-423D-8158-6586AB10C960}.Debug|Any CPU.Build.0 = Debug|Any CPU
		{B9B83B8B-DF20-423D-8158-6586AB10C960}.Release|Any CPU.ActiveCfg = Release|Any CPU
		{B9B83B8B-DF20-423D-8158-6586AB10C960}.Release|Any CPU.Build.0 = Release|Any CPU
	EndGlobalSection
	GlobalSection(SolutionProperties) = preSolution
		HideSolutionNode = FALSE
	EndGlobalSection
	GlobalSection(ExtensibilityGlobals) = postSolution
		SolutionGuid = {00691FBC-7E52-4C42-836D-F1430B1D39AB}
	EndGlobalSection
EndGlobal
